
Microsoft Visual Studio Solution File, Format Version 12.00
# Visual Studio Express 2013 for Windows Desktop
VisualStudioVersion = 12.0.21005.1
MinimumVisualStudioVersion = 10.0.40219.1
Project("{FAE04EC0-301F-11D3-BF4B-00C04F79EFBC}") = "iquestpb2", "iquestpb2\iquestpb2.csproj", "{856E618F-912C-47D7-AA10-1AEF78D61751}"
EndProject
Global
	GlobalSection(SolutionConfigurationPlatforms) = preSolution
		Debug|Any CPU = Debug|Any CPU
		Release|Any CPU = Release|Any CPU
	EndGlobalSection
	GlobalSection(ProjectConfigurationPlatforms) = postSolution
		{856E618F-912C-47D7-AA10-1AEF78D61751}.Debug|Any CPU.ActiveCfg = Debug|Any CPU
		{856E618F-912C-47D7-AA10-1AEF78D61751}.Debug|Any CPU.Build.0 = Debug|Any CPU
		{856E618F-912C-47D7-AA10-1AEF78D61751}.Release|Any CPU.ActiveCfg = Release|Any CPU
		{856E618F-912C-47D7-AA10-1AEF78D61751}.Release|Any CPU.Build.0 = Release|Any CPU
	EndGlobalSection
	GlobalSection(SolutionProperties) = preSolution
		HideSolutionNode = FALSE
	EndGlobalSection
EndGlobal
